// !$*UTF8*$!
{
	archiveVersion = 1;
	classes = {
	};
	objectVersion = 46;
	objects = {

/* Begin PBXAggregateTarget section */
		8C79A6F01E48813E00907D21 /* Distribution */ = {
			isa = PBXAggregateTarget;
			buildConfigurationList = 8C79A6F11E48813F00907D21 /* Build configuration list for PBXAggregateTarget "Distribution" */;
			buildPhases = (
				8C79A6F41E48816500907D21 /* ShellScript */,
			);
			dependencies = (
			);
			name = Distribution;
			productName = Distribution;
		};
/* End PBXAggregateTarget section */

/* Begin PBXBuildFile section */
		15E26AFC1E6D83D9007E8471 /* ZoomInOut.swift in Sources */ = {isa = PBXBuildFile; fileRef = 15E26AFB1E6D83D9007E8471 /* ZoomInOut.swift */; };
		7412F33B1E8001AB009D8382 /* TutorialView.swift in Headers */ = {isa = PBXBuildFile; fileRef = 747375BE1E7FFCEC000D0743 /* TutorialView.swift */; settings = {ATTRIBUTES = (Public, ); }; };
		7412F3611E84120D009D8382 /* NSLog+Debug.swift in Sources */ = {isa = PBXBuildFile; fileRef = 7412F3601E84120D009D8382 /* NSLog+Debug.swift */; };
		747375A81E7FDAC4000D0743 /* iComponentsViewController.swift in Sources */ = {isa = PBXBuildFile; fileRef = 747375A71E7FDAC4000D0743 /* iComponentsViewController.swift */; };
		747375AB1E7FE064000D0743 /* HomeViewController.swift in Sources */ = {isa = PBXBuildFile; fileRef = 747375AA1E7FE064000D0743 /* HomeViewController.swift */; };
		747375AE1E7FE89C000D0743 /* iTextFieldViewController.swift in Sources */ = {isa = PBXBuildFile; fileRef = 747375AD1E7FE89C000D0743 /* iTextFieldViewController.swift */; };
		747375B11E7FF34F000D0743 /* AppTutorialViewController.swift in Sources */ = {isa = PBXBuildFile; fileRef = 747375B01E7FF34F000D0743 /* AppTutorialViewController.swift */; };
		747375B31E7FF3B7000D0743 /* FrontTutorialAssets.xcassets in Resources */ = {isa = PBXBuildFile; fileRef = 747375B21E7FF3B7000D0743 /* FrontTutorialAssets.xcassets */; };
		747375B51E7FF889000D0743 /* iComponents.framework in Frameworks */ = {isa = PBXBuildFile; fileRef = 8C61DD7F1E26058F007BCB2D /* iComponents.framework */; };
		747375B61E7FF889000D0743 /* iComponents.framework in Embed Frameworks */ = {isa = PBXBuildFile; fileRef = 8C61DD7F1E26058F007BCB2D /* iComponents.framework */; settings = {ATTRIBUTES = (CodeSignOnCopy, RemoveHeadersOnCopy, ); }; };
		747375C21E7FFCEC000D0743 /* TutorialView.xib in Resources */ = {isa = PBXBuildFile; fileRef = 747375BF1E7FFCEC000D0743 /* TutorialView.xib */; };
		747375E51E7FFF90000D0743 /* TutorialView.swift in Sources */ = {isa = PBXBuildFile; fileRef = 747375BE1E7FFCEC000D0743 /* TutorialView.swift */; };
		8C61DD891E260590007BCB2D /* iComponents.framework in Frameworks */ = {isa = PBXBuildFile; fileRef = 8C61DD7F1E26058F007BCB2D /* iComponents.framework */; };
		8C61DD8E1E260590007BCB2D /* iComponentsTests.swift in Sources */ = {isa = PBXBuildFile; fileRef = 8C61DD8D1E260590007BCB2D /* iComponentsTests.swift */; };
		8C61DD901E260590007BCB2D /* iComponents.h in Headers */ = {isa = PBXBuildFile; fileRef = 8C61DD821E26058F007BCB2D /* iComponents.h */; settings = {ATTRIBUTES = (Public, ); }; };
		8C61DDA01E260CD2007BCB2D /* iCache.swift in Sources */ = {isa = PBXBuildFile; fileRef = 8C61DD9F1E260CD2007BCB2D /* iCache.swift */; };
		8C79A6FF1E48851B00907D21 /* AppDelegate.swift in Sources */ = {isa = PBXBuildFile; fileRef = 8C79A6FE1E48851B00907D21 /* AppDelegate.swift */; };
		8C79A7041E48851B00907D21 /* Main.storyboard in Resources */ = {isa = PBXBuildFile; fileRef = 8C79A7021E48851B00907D21 /* Main.storyboard */; };
		8C79A7061E48851B00907D21 /* Assets.xcassets in Resources */ = {isa = PBXBuildFile; fileRef = 8C79A7051E48851B00907D21 /* Assets.xcassets */; };
		8C79A7091E48851B00907D21 /* LaunchScreen.storyboard in Resources */ = {isa = PBXBuildFile; fileRef = 8C79A7071E48851B00907D21 /* LaunchScreen.storyboard */; };
		A677B9FB1E7BEEB0003D120D /* iStringExtension.swift in Sources */ = {isa = PBXBuildFile; fileRef = A677B9F91E7BEEB0003D120D /* iStringExtension.swift */; };
		A677B9FC1E7BEEB0003D120D /* iTextfieldExtension.swift in Sources */ = {isa = PBXBuildFile; fileRef = A677B9FA1E7BEEB0003D120D /* iTextfieldExtension.swift */; };
		D07D94161E8A658C006388F2 /* IC_ToastView.swift in Sources */ = {isa = PBXBuildFile; fileRef = D07D94151E8A658C006388F2 /* IC_ToastView.swift */; };
		D0F9D2471E40B1E800D1371B /* iReachability.swift in Sources */ = {isa = PBXBuildFile; fileRef = D0F9D2461E40B1E800D1371B /* iReachability.swift */; };
/* End PBXBuildFile section */

/* Begin PBXContainerItemProxy section */
		747375B71E7FF889000D0743 /* PBXContainerItemProxy */ = {
			isa = PBXContainerItemProxy;
			containerPortal = 8C61DD761E26058F007BCB2D /* Project object */;
			proxyType = 1;
			remoteGlobalIDString = 8C61DD7E1E26058F007BCB2D;
			remoteInfo = iComponents;
		};
		8C61DD8A1E260590007BCB2D /* PBXContainerItemProxy */ = {
			isa = PBXContainerItemProxy;
			containerPortal = 8C61DD761E26058F007BCB2D /* Project object */;
			proxyType = 1;
			remoteGlobalIDString = 8C61DD7E1E26058F007BCB2D;
			remoteInfo = iComponents;
		};
/* End PBXContainerItemProxy section */

/* Begin PBXCopyFilesBuildPhase section */
		747375B91E7FF88A000D0743 /* Embed Frameworks */ = {
			isa = PBXCopyFilesBuildPhase;
			buildActionMask = 2147483647;
			dstPath = "";
			dstSubfolderSpec = 10;
			files = (
				747375B61E7FF889000D0743 /* iComponents.framework in Embed Frameworks */,
			);
			name = "Embed Frameworks";
			runOnlyForDeploymentPostprocessing = 0;
		};
/* End PBXCopyFilesBuildPhase section */

/* Begin PBXFileReference section */
		15E26AFB1E6D83D9007E8471 /* ZoomInOut.swift */ = {isa = PBXFileReference; fileEncoding = 4; lastKnownFileType = sourcecode.swift; path = ZoomInOut.swift; sourceTree = "<group>"; };
		7412F3601E84120D009D8382 /* NSLog+Debug.swift */ = {isa = PBXFileReference; fileEncoding = 4; lastKnownFileType = sourcecode.swift; path = "NSLog+Debug.swift"; sourceTree = "<group>"; };
		747375A71E7FDAC4000D0743 /* iComponentsViewController.swift */ = {isa = PBXFileReference; fileEncoding = 4; lastKnownFileType = sourcecode.swift; path = iComponentsViewController.swift; sourceTree = "<group>"; };
		747375AA1E7FE064000D0743 /* HomeViewController.swift */ = {isa = PBXFileReference; fileEncoding = 4; lastKnownFileType = sourcecode.swift; path = HomeViewController.swift; sourceTree = "<group>"; };
		747375AD1E7FE89C000D0743 /* iTextFieldViewController.swift */ = {isa = PBXFileReference; fileEncoding = 4; lastKnownFileType = sourcecode.swift; path = iTextFieldViewController.swift; sourceTree = "<group>"; };
		747375B01E7FF34F000D0743 /* AppTutorialViewController.swift */ = {isa = PBXFileReference; fileEncoding = 4; lastKnownFileType = sourcecode.swift; path = AppTutorialViewController.swift; sourceTree = "<group>"; };
		747375B21E7FF3B7000D0743 /* FrontTutorialAssets.xcassets */ = {isa = PBXFileReference; lastKnownFileType = folder.assetcatalog; path = FrontTutorialAssets.xcassets; sourceTree = "<group>"; };
		747375BE1E7FFCEC000D0743 /* TutorialView.swift */ = {isa = PBXFileReference; fileEncoding = 4; lastKnownFileType = sourcecode.swift; path = TutorialView.swift; sourceTree = "<group>"; };
		747375BF1E7FFCEC000D0743 /* TutorialView.xib */ = {isa = PBXFileReference; fileEncoding = 4; lastKnownFileType = file.xib; path = TutorialView.xib; sourceTree = "<group>"; };
		8C61DD7F1E26058F007BCB2D /* iComponents.framework */ = {isa = PBXFileReference; explicitFileType = wrapper.framework; includeInIndex = 0; path = iComponents.framework; sourceTree = BUILT_PRODUCTS_DIR; };
		8C61DD821E26058F007BCB2D /* iComponents.h */ = {isa = PBXFileReference; lastKnownFileType = sourcecode.c.h; path = iComponents.h; sourceTree = "<group>"; };
		8C61DD831E26058F007BCB2D /* Info.plist */ = {isa = PBXFileReference; lastKnownFileType = text.plist.xml; path = Info.plist; sourceTree = "<group>"; };
		8C61DD881E260590007BCB2D /* iComponentsTests.xctest */ = {isa = PBXFileReference; explicitFileType = wrapper.cfbundle; includeInIndex = 0; path = iComponentsTests.xctest; sourceTree = BUILT_PRODUCTS_DIR; };
		8C61DD8D1E260590007BCB2D /* iComponentsTests.swift */ = {isa = PBXFileReference; lastKnownFileType = sourcecode.swift; path = iComponentsTests.swift; sourceTree = "<group>"; };
		8C61DD8F1E260590007BCB2D /* Info.plist */ = {isa = PBXFileReference; lastKnownFileType = text.plist.xml; path = Info.plist; sourceTree = "<group>"; };
		8C61DD9F1E260CD2007BCB2D /* iCache.swift */ = {isa = PBXFileReference; fileEncoding = 4; lastKnownFileType = sourcecode.swift; path = iCache.swift; sourceTree = "<group>"; };
		8C79A6FC1E48851B00907D21 /* iComponent-Demo.app */ = {isa = PBXFileReference; explicitFileType = wrapper.application; includeInIndex = 0; path = "iComponent-Demo.app"; sourceTree = BUILT_PRODUCTS_DIR; };
		8C79A6FE1E48851B00907D21 /* AppDelegate.swift */ = {isa = PBXFileReference; lastKnownFileType = sourcecode.swift; path = AppDelegate.swift; sourceTree = "<group>"; };
		8C79A7031E48851B00907D21 /* Base */ = {isa = PBXFileReference; lastKnownFileType = file.storyboard; name = Base; path = Base.lproj/Main.storyboard; sourceTree = "<group>"; };
		8C79A7051E48851B00907D21 /* Assets.xcassets */ = {isa = PBXFileReference; lastKnownFileType = folder.assetcatalog; path = Assets.xcassets; sourceTree = "<group>"; };
		8C79A7081E48851B00907D21 /* Base */ = {isa = PBXFileReference; lastKnownFileType = file.storyboard; name = Base; path = Base.lproj/LaunchScreen.storyboard; sourceTree = "<group>"; };
		8C79A70A1E48851B00907D21 /* Info.plist */ = {isa = PBXFileReference; lastKnownFileType = text.plist.xml; path = Info.plist; sourceTree = "<group>"; };
		A677B9F91E7BEEB0003D120D /* iStringExtension.swift */ = {isa = PBXFileReference; fileEncoding = 4; lastKnownFileType = sourcecode.swift; path = iStringExtension.swift; sourceTree = "<group>"; };
		A677B9FA1E7BEEB0003D120D /* iTextfieldExtension.swift */ = {isa = PBXFileReference; fileEncoding = 4; lastKnownFileType = sourcecode.swift; path = iTextfieldExtension.swift; sourceTree = "<group>"; };
		D07D94151E8A658C006388F2 /* IC_ToastView.swift */ = {isa = PBXFileReference; fileEncoding = 4; lastKnownFileType = sourcecode.swift; path = IC_ToastView.swift; sourceTree = "<group>"; };
		D0F9D2461E40B1E800D1371B /* iReachability.swift */ = {isa = PBXFileReference; fileEncoding = 4; lastKnownFileType = sourcecode.swift; path = iReachability.swift; sourceTree = "<group>"; };
/* End PBXFileReference section */

/* Begin PBXFrameworksBuildPhase section */
		8C61DD7B1E26058F007BCB2D /* Frameworks */ = {
			isa = PBXFrameworksBuildPhase;
			buildActionMask = 2147483647;
			files = (
			);
			runOnlyForDeploymentPostprocessing = 0;
		};
		8C61DD851E260590007BCB2D /* Frameworks */ = {
			isa = PBXFrameworksBuildPhase;
			buildActionMask = 2147483647;
			files = (
				8C61DD891E260590007BCB2D /* iComponents.framework in Frameworks */,
			);
			runOnlyForDeploymentPostprocessing = 0;
		};
		8C79A6F91E48851B00907D21 /* Frameworks */ = {
			isa = PBXFrameworksBuildPhase;
			buildActionMask = 2147483647;
			files = (
				747375B51E7FF889000D0743 /* iComponents.framework in Frameworks */,
			);
			runOnlyForDeploymentPostprocessing = 0;
		};
/* End PBXFrameworksBuildPhase section */

/* Begin PBXGroup section */
		7412F35F1E84120D009D8382 /* CustomLogger */ = {
			isa = PBXGroup;
			children = (
				7412F3601E84120D009D8382 /* NSLog+Debug.swift */,
			);
			path = CustomLogger;
			sourceTree = "<group>";
		};
		747375A61E7FDA6F000D0743 /* ViewControllers */ = {
			isa = PBXGroup;
			children = (
				747375A71E7FDAC4000D0743 /* iComponentsViewController.swift */,
				747375A91E7FE027000D0743 /* HomeViewController */,
				747375AC1E7FE5DD000D0743 /* iTextFieldViewController */,
				747375AF1E7FF336000D0743 /* AppTutorialViewController */,
			);
			path = ViewControllers;
			sourceTree = "<group>";
		};
		747375A91E7FE027000D0743 /* HomeViewController */ = {
			isa = PBXGroup;
			children = (
				747375AA1E7FE064000D0743 /* HomeViewController.swift */,
			);
			path = HomeViewController;
			sourceTree = "<group>";
		};
		747375AC1E7FE5DD000D0743 /* iTextFieldViewController */ = {
			isa = PBXGroup;
			children = (
				747375AD1E7FE89C000D0743 /* iTextFieldViewController.swift */,
			);
			path = iTextFieldViewController;
			sourceTree = "<group>";
		};
		747375AF1E7FF336000D0743 /* AppTutorialViewController */ = {
			isa = PBXGroup;
			children = (
				747375B01E7FF34F000D0743 /* AppTutorialViewController.swift */,
				747375B21E7FF3B7000D0743 /* FrontTutorialAssets.xcassets */,
			);
			path = AppTutorialViewController;
			sourceTree = "<group>";
		};
		747375BC1E7FFCEC000D0743 /* FrontTutorial */ = {
			isa = PBXGroup;
			children = (
				747375BE1E7FFCEC000D0743 /* TutorialView.swift */,
				747375BF1E7FFCEC000D0743 /* TutorialView.xib */,
			);
			path = FrontTutorial;
			sourceTree = "<group>";
		};
		8C61DD751E26058F007BCB2D = {
			isa = PBXGroup;
			children = (
				8C61DD811E26058F007BCB2D /* iComponents */,
				8C61DD8C1E260590007BCB2D /* iComponentsTests */,
				8C79A6FD1E48851B00907D21 /* iComponent-Demo */,
				8C61DD801E26058F007BCB2D /* Products */,
			);
			sourceTree = "<group>";
		};
		8C61DD801E26058F007BCB2D /* Products */ = {
			isa = PBXGroup;
			children = (
				8C61DD7F1E26058F007BCB2D /* iComponents.framework */,
				8C61DD881E260590007BCB2D /* iComponentsTests.xctest */,
				8C79A6FC1E48851B00907D21 /* iComponent-Demo.app */,
			);
			name = Products;
			sourceTree = "<group>";
		};
		8C61DD811E26058F007BCB2D /* iComponents */ = {
			isa = PBXGroup;
			children = (
				7412F35F1E84120D009D8382 /* CustomLogger */,
				D07D94141E8A658C006388F2 /* IC_ToastView */,
				747375BC1E7FFCEC000D0743 /* FrontTutorial */,
				A677B9F91E7BEEB0003D120D /* iStringExtension.swift */,
				A677B9FA1E7BEEB0003D120D /* iTextfieldExtension.swift */,
				8C61DD821E26058F007BCB2D /* iComponents.h */,
				8C61DD831E26058F007BCB2D /* Info.plist */,
				8C61DD9F1E260CD2007BCB2D /* iCache.swift */,
				15E26AFB1E6D83D9007E8471 /* ZoomInOut.swift */,
				D0F9D2461E40B1E800D1371B /* iReachability.swift */,
			);
			path = iComponents;
			sourceTree = "<group>";
		};
		8C61DD8C1E260590007BCB2D /* iComponentsTests */ = {
			isa = PBXGroup;
			children = (
				8C61DD8D1E260590007BCB2D /* iComponentsTests.swift */,
				8C61DD8F1E260590007BCB2D /* Info.plist */,
			);
			path = iComponentsTests;
			sourceTree = "<group>";
		};
		8C79A6FD1E48851B00907D21 /* iComponent-Demo */ = {
			isa = PBXGroup;
			children = (
				747375A61E7FDA6F000D0743 /* ViewControllers */,
				8C79A6FE1E48851B00907D21 /* AppDelegate.swift */,
				8C79A7021E48851B00907D21 /* Main.storyboard */,
				8C79A7051E48851B00907D21 /* Assets.xcassets */,
				8C79A7071E48851B00907D21 /* LaunchScreen.storyboard */,
				8C79A70A1E48851B00907D21 /* Info.plist */,
			);
			path = "iComponent-Demo";
			sourceTree = "<group>";
		};
		D07D94141E8A658C006388F2 /* IC_ToastView */ = {
			isa = PBXGroup;
			children = (
				D07D94151E8A658C006388F2 /* IC_ToastView.swift */,
			);
			path = IC_ToastView;
			sourceTree = "<group>";
		};
/* End PBXGroup section */

/* Begin PBXHeadersBuildPhase section */
		8C61DD7C1E26058F007BCB2D /* Headers */ = {
			isa = PBXHeadersBuildPhase;
			buildActionMask = 2147483647;
			files = (
				8C61DD901E260590007BCB2D /* iComponents.h in Headers */,
				7412F33B1E8001AB009D8382 /* TutorialView.swift in Headers */,
			);
			runOnlyForDeploymentPostprocessing = 0;
		};
/* End PBXHeadersBuildPhase section */

/* Begin PBXNativeTarget section */
		8C61DD7E1E26058F007BCB2D /* iComponents */ = {
			isa = PBXNativeTarget;
			buildConfigurationList = 8C61DD931E260590007BCB2D /* Build configuration list for PBXNativeTarget "iComponents" */;
			buildPhases = (
				8C61DD7A1E26058F007BCB2D /* Sources */,
				8C61DD7B1E26058F007BCB2D /* Frameworks */,
				8C61DD7C1E26058F007BCB2D /* Headers */,
				8C61DD7D1E26058F007BCB2D /* Resources */,
			);
			buildRules = (
			);
			dependencies = (
			);
			name = iComponents;
			productName = iComponents;
			productReference = 8C61DD7F1E26058F007BCB2D /* iComponents.framework */;
			productType = "com.apple.product-type.framework";
		};
		8C61DD871E260590007BCB2D /* iComponentsTests */ = {
			isa = PBXNativeTarget;
			buildConfigurationList = 8C61DD961E260590007BCB2D /* Build configuration list for PBXNativeTarget "iComponentsTests" */;
			buildPhases = (
				8C61DD841E260590007BCB2D /* Sources */,
				8C61DD851E260590007BCB2D /* Frameworks */,
				8C61DD861E260590007BCB2D /* Resources */,
			);
			buildRules = (
			);
			dependencies = (
				8C61DD8B1E260590007BCB2D /* PBXTargetDependency */,
			);
			name = iComponentsTests;
			productName = iComponentsTests;
			productReference = 8C61DD881E260590007BCB2D /* iComponentsTests.xctest */;
			productType = "com.apple.product-type.bundle.unit-test";
		};
		8C79A6FB1E48851B00907D21 /* iComponent-Demo */ = {
			isa = PBXNativeTarget;
			buildConfigurationList = 8C79A70B1E48851B00907D21 /* Build configuration list for PBXNativeTarget "iComponent-Demo" */;
			buildPhases = (
				8C79A6F81E48851B00907D21 /* Sources */,
				8C79A6F91E48851B00907D21 /* Frameworks */,
				8C79A6FA1E48851B00907D21 /* Resources */,
				747375B91E7FF88A000D0743 /* Embed Frameworks */,
			);
			buildRules = (
			);
			dependencies = (
				747375B81E7FF889000D0743 /* PBXTargetDependency */,
			);
			name = "iComponent-Demo";
			productName = "iComponent-Demo";
			productReference = 8C79A6FC1E48851B00907D21 /* iComponent-Demo.app */;
			productType = "com.apple.product-type.application";
		};
/* End PBXNativeTarget section */

/* Begin PBXProject section */
		8C61DD761E26058F007BCB2D /* Project object */ = {
			isa = PBXProject;
			attributes = {
				LastSwiftUpdateCheck = 0820;
				LastUpgradeCheck = 0820;
				ORGANIZATIONNAME = Ranosys;
				TargetAttributes = {
					8C61DD7E1E26058F007BCB2D = {
						CreatedOnToolsVersion = 8.2;
						LastSwiftMigration = 0820;
						ProvisioningStyle = Automatic;
					};
					8C61DD871E260590007BCB2D = {
						CreatedOnToolsVersion = 8.2;
						ProvisioningStyle = Automatic;
					};
					8C79A6F01E48813E00907D21 = {
						CreatedOnToolsVersion = 8.2;
						ProvisioningStyle = Automatic;
					};
					8C79A6FB1E48851B00907D21 = {
						CreatedOnToolsVersion = 8.2;
						ProvisioningStyle = Automatic;
					};
				};
			};
			buildConfigurationList = 8C61DD791E26058F007BCB2D /* Build configuration list for PBXProject "iComponents" */;
			compatibilityVersion = "Xcode 3.2";
			developmentRegion = English;
			hasScannedForEncodings = 0;
			knownRegions = (
				en,
				Base,
			);
			mainGroup = 8C61DD751E26058F007BCB2D;
			productRefGroup = 8C61DD801E26058F007BCB2D /* Products */;
			projectDirPath = "";
			projectRoot = "";
			targets = (
				8C61DD7E1E26058F007BCB2D /* iComponents */,
				8C61DD871E260590007BCB2D /* iComponentsTests */,
				8C79A6F01E48813E00907D21 /* Distribution */,
				8C79A6FB1E48851B00907D21 /* iComponent-Demo */,
			);
		};
/* End PBXProject section */

/* Begin PBXResourcesBuildPhase section */
		8C61DD7D1E26058F007BCB2D /* Resources */ = {
			isa = PBXResourcesBuildPhase;
			buildActionMask = 2147483647;
			files = (
				747375C21E7FFCEC000D0743 /* TutorialView.xib in Resources */,
			);
			runOnlyForDeploymentPostprocessing = 0;
		};
		8C61DD861E260590007BCB2D /* Resources */ = {
			isa = PBXResourcesBuildPhase;
			buildActionMask = 2147483647;
			files = (
			);
			runOnlyForDeploymentPostprocessing = 0;
		};
		8C79A6FA1E48851B00907D21 /* Resources */ = {
			isa = PBXResourcesBuildPhase;
			buildActionMask = 2147483647;
			files = (
				747375B31E7FF3B7000D0743 /* FrontTutorialAssets.xcassets in Resources */,
				8C79A7091E48851B00907D21 /* LaunchScreen.storyboard in Resources */,
				8C79A7061E48851B00907D21 /* Assets.xcassets in Resources */,
				8C79A7041E48851B00907D21 /* Main.storyboard in Resources */,
			);
			runOnlyForDeploymentPostprocessing = 0;
		};
/* End PBXResourcesBuildPhase section */

/* Begin PBXShellScriptBuildPhase section */
		8C79A6F41E48816500907D21 /* ShellScript */ = {
			isa = PBXShellScriptBuildPhase;
			buildActionMask = 2147483647;
			files = (
			);
			inputPaths = (
			);
			outputPaths = (
			);
			runOnlyForDeploymentPostprocessing = 0;
			shellPath = /bin/sh;
			shellScript = "# Merge Script\n\n\n\n# 1\n\n# Set bash script to exit immediately if any commands fail.\n\nset -e\n\n\n\n# 2\n\n# Setup some constants for use later on.\n\nFRAMEWORK_NAME=\"iComponents\"\n\n\n\n# 3\n\n# If remnants from a previous build exist, delete them.\n\nif [ -d \"${SRCROOT}/build\" ]; then\n\nrm -rf \"${SRCROOT}/build\"\n\nfi\n\n\n\n# 4\n\n# Build the framework for device and for simulator (using\n\n# all needed architectures).\n\nxcodebuild -target \"${FRAMEWORK_NAME}\" -configuration Release -arch arm64 -arch armv7 -arch armv7s only_active_arch=no defines_module=yes -sdk \"iphoneos\"\n\nxcodebuild -target \"${FRAMEWORK_NAME}\" -configuration Release -arch x86_64 -arch i386 only_active_arch=no defines_module=yes -sdk \"iphonesimulator\"\n\n\n\n# 5\n\n# Remove .framework file if exists on Desktop from previous run.\n\nif [ -d \"${HOME}/Desktop/${FRAMEWORK_NAME}.framework\" ]; then\n\nrm -rf \"${HOME}/Desktop/${FRAMEWORK_NAME}.framework\"\n\nfi\n\n\n\n# 6\n\n# Copy the device version of framework to Desktop.\n\ncp -r \"${SRCROOT}/build/Release-iphoneos/${FRAMEWORK_NAME}.framework\" \"${HOME}/Desktop/${FRAMEWORK_NAME}.framework\"\n\n\n\n# 7\n\n# Replace the framework executable within the framework with\n\n# a new version created by merging the device and simulator\n\n# frameworks' executables with lipo.\n\nlipo -create -output \"${HOME}/Desktop/${FRAMEWORK_NAME}.framework/${FRAMEWORK_NAME}\" \"${SRCROOT}/build/Release-iphoneos/${FRAMEWORK_NAME}.framework/${FRAMEWORK_NAME}\" \"${SRCROOT}/build/Release-iphonesimulator/${FRAMEWORK_NAME}.framework/${FRAMEWORK_NAME}\"\n\n\n\n# 8\n\n# Copy the Swift module mappings for the simulator into the\n\n# framework.  The device mappings already exist from step 6.\n\ncp -r \"${SRCROOT}/build/Release-iphonesimulator/${FRAMEWORK_NAME}.framework/Modules/${FRAMEWORK_NAME}.swiftmodule/\" \"${HOME}/Desktop/${FRAMEWORK_NAME}.framework/Modules/${FRAMEWORK_NAME}.swiftmodule\"\n\n\n\n# 9\n\n# Delete the most recent build.\n\nif [ -d \"${SRCROOT}/build\" ]; then\n\nrm -rf \"${SRCROOT}/build\"\n\nfi\n\n";
		};
/* End PBXShellScriptBuildPhase section */

/* Begin PBXSourcesBuildPhase section */
		8C61DD7A1E26058F007BCB2D /* Sources */ = {
			isa = PBXSourcesBuildPhase;
			buildActionMask = 2147483647;
			files = (
				747375E51E7FFF90000D0743 /* TutorialView.swift in Sources */,
				7412F3611E84120D009D8382 /* NSLog+Debug.swift in Sources */,
				15E26AFC1E6D83D9007E8471 /* ZoomInOut.swift in Sources */,
				D0F9D2471E40B1E800D1371B /* iReachability.swift in Sources */,
				A677B9FB1E7BEEB0003D120D /* iStringExtension.swift in Sources */,
				8C61DDA01E260CD2007BCB2D /* iCache.swift in Sources */,
				D07D94161E8A658C006388F2 /* IC_ToastView.swift in Sources */,
				A677B9FC1E7BEEB0003D120D /* iTextfieldExtension.swift in Sources */,
			);
			runOnlyForDeploymentPostprocessing = 0;
		};
		8C61DD841E260590007BCB2D /* Sources */ = {
			isa = PBXSourcesBuildPhase;
			buildActionMask = 2147483647;
			files = (
				8C61DD8E1E260590007BCB2D /* iComponentsTests.swift in Sources */,
			);
			runOnlyForDeploymentPostprocessing = 0;
		};
		8C79A6F81E48851B00907D21 /* Sources */ = {
			isa = PBXSourcesBuildPhase;
			buildActionMask = 2147483647;
			files = (
				747375AB1E7FE064000D0743 /* HomeViewController.swift in Sources */,
				747375AE1E7FE89C000D0743 /* iTextFieldViewController.swift in Sources */,
				747375B11E7FF34F000D0743 /* AppTutorialViewController.swift in Sources */,
				747375A81E7FDAC4000D0743 /* iComponentsViewController.swift in Sources */,
				8C79A6FF1E48851B00907D21 /* AppDelegate.swift in Sources */,
			);
			runOnlyForDeploymentPostprocessing = 0;
		};
/* End PBXSourcesBuildPhase section */

/* Begin PBXTargetDependency section */
		747375B81E7FF889000D0743 /* PBXTargetDependency */ = {
			isa = PBXTargetDependency;
			target = 8C61DD7E1E26058F007BCB2D /* iComponents */;
			targetProxy = 747375B71E7FF889000D0743 /* PBXContainerItemProxy */;
		};
		8C61DD8B1E260590007BCB2D /* PBXTargetDependency */ = {
			isa = PBXTargetDependency;
			target = 8C61DD7E1E26058F007BCB2D /* iComponents */;
			targetProxy = 8C61DD8A1E260590007BCB2D /* PBXContainerItemProxy */;
		};
/* End PBXTargetDependency section */

/* Begin PBXVariantGroup section */
		8C79A7021E48851B00907D21 /* Main.storyboard */ = {
			isa = PBXVariantGroup;
			children = (
				8C79A7031E48851B00907D21 /* Base */,
			);
			name = Main.storyboard;
			sourceTree = "<group>";
		};
		8C79A7071E48851B00907D21 /* LaunchScreen.storyboard */ = {
			isa = PBXVariantGroup;
			children = (
				8C79A7081E48851B00907D21 /* Base */,
			);
			name = LaunchScreen.storyboard;
			sourceTree = "<group>";
		};
/* End PBXVariantGroup section */

/* Begin XCBuildConfiguration section */
		8C61DD911E260590007BCB2D /* Debug */ = {
			isa = XCBuildConfiguration;
			buildSettings = {
				ALWAYS_SEARCH_USER_PATHS = NO;
				CLANG_ANALYZER_NONNULL = YES;
				CLANG_CXX_LANGUAGE_STANDARD = "gnu++0x";
				CLANG_CXX_LIBRARY = "libc++";
				CLANG_ENABLE_MODULES = YES;
				CLANG_ENABLE_OBJC_ARC = YES;
				CLANG_WARN_BOOL_CONVERSION = YES;
				CLANG_WARN_CONSTANT_CONVERSION = YES;
				CLANG_WARN_DIRECT_OBJC_ISA_USAGE = YES_ERROR;
				CLANG_WARN_DOCUMENTATION_COMMENTS = YES;
				CLANG_WARN_EMPTY_BODY = YES;
				CLANG_WARN_ENUM_CONVERSION = YES;
				CLANG_WARN_INFINITE_RECURSION = YES;
				CLANG_WARN_INT_CONVERSION = YES;
				CLANG_WARN_OBJC_ROOT_CLASS = YES_ERROR;
				CLANG_WARN_SUSPICIOUS_MOVE = YES;
				CLANG_WARN_UNREACHABLE_CODE = YES;
				CLANG_WARN__DUPLICATE_METHOD_MATCH = YES;
				"CODE_SIGN_IDENTITY[sdk=iphoneos*]" = "iPhone Developer";
				COPY_PHASE_STRIP = NO;
				CURRENT_PROJECT_VERSION = 1;
				DEBUG_INFORMATION_FORMAT = dwarf;
				ENABLE_STRICT_OBJC_MSGSEND = YES;
				ENABLE_TESTABILITY = YES;
				GCC_C_LANGUAGE_STANDARD = gnu99;
				GCC_DYNAMIC_NO_PIC = NO;
				GCC_NO_COMMON_BLOCKS = YES;
				GCC_OPTIMIZATION_LEVEL = 0;
				GCC_PREPROCESSOR_DEFINITIONS = (
					"DEBUG=1",
					"$(inherited)",
				);
				GCC_WARN_64_TO_32_BIT_CONVERSION = YES;
				GCC_WARN_ABOUT_RETURN_TYPE = YES_ERROR;
				GCC_WARN_UNDECLARED_SELECTOR = YES;
				GCC_WARN_UNINITIALIZED_AUTOS = YES_AGGRESSIVE;
				GCC_WARN_UNUSED_FUNCTION = YES;
				GCC_WARN_UNUSED_VARIABLE = YES;
				IPHONEOS_DEPLOYMENT_TARGET = 8.0;
				MTL_ENABLE_DEBUG_INFO = YES;
				ONLY_ACTIVE_ARCH = YES;
				SDKROOT = iphoneos;
				SWIFT_ACTIVE_COMPILATION_CONDITIONS = DEBUG;
				SWIFT_OPTIMIZATION_LEVEL = "-Onone";
				TARGETED_DEVICE_FAMILY = "1,2";
				VERSIONING_SYSTEM = "apple-generic";
				VERSION_INFO_PREFIX = "";
			};
			name = Debug;
		};
		8C61DD921E260590007BCB2D /* Release */ = {
			isa = XCBuildConfiguration;
			buildSettings = {
				ALWAYS_SEARCH_USER_PATHS = NO;
				CLANG_ANALYZER_NONNULL = YES;
				CLANG_CXX_LANGUAGE_STANDARD = "gnu++0x";
				CLANG_CXX_LIBRARY = "libc++";
				CLANG_ENABLE_MODULES = YES;
				CLANG_ENABLE_OBJC_ARC = YES;
				CLANG_WARN_BOOL_CONVERSION = YES;
				CLANG_WARN_CONSTANT_CONVERSION = YES;
				CLANG_WARN_DIRECT_OBJC_ISA_USAGE = YES_ERROR;
				CLANG_WARN_DOCUMENTATION_COMMENTS = YES;
				CLANG_WARN_EMPTY_BODY = YES;
				CLANG_WARN_ENUM_CONVERSION = YES;
				CLANG_WARN_INFINITE_RECURSION = YES;
				CLANG_WARN_INT_CONVERSION = YES;
				CLANG_WARN_OBJC_ROOT_CLASS = YES_ERROR;
				CLANG_WARN_SUSPICIOUS_MOVE = YES;
				CLANG_WARN_UNREACHABLE_CODE = YES;
				CLANG_WARN__DUPLICATE_METHOD_MATCH = YES;
				"CODE_SIGN_IDENTITY[sdk=iphoneos*]" = "iPhone Developer";
				COPY_PHASE_STRIP = NO;
				CURRENT_PROJECT_VERSION = 1;
				DEBUG_INFORMATION_FORMAT = "dwarf-with-dsym";
				ENABLE_NS_ASSERTIONS = NO;
				ENABLE_STRICT_OBJC_MSGSEND = YES;
				GCC_C_LANGUAGE_STANDARD = gnu99;
				GCC_NO_COMMON_BLOCKS = YES;
				GCC_WARN_64_TO_32_BIT_CONVERSION = YES;
				GCC_WARN_ABOUT_RETURN_TYPE = YES_ERROR;
				GCC_WARN_UNDECLARED_SELECTOR = YES;
				GCC_WARN_UNINITIALIZED_AUTOS = YES_AGGRESSIVE;
				GCC_WARN_UNUSED_FUNCTION = YES;
				GCC_WARN_UNUSED_VARIABLE = YES;
				IPHONEOS_DEPLOYMENT_TARGET = 8.0;
				MTL_ENABLE_DEBUG_INFO = NO;
				SDKROOT = iphoneos;
				SWIFT_OPTIMIZATION_LEVEL = "-Owholemodule";
				TARGETED_DEVICE_FAMILY = "1,2";
				VALIDATE_PRODUCT = YES;
				VERSIONING_SYSTEM = "apple-generic";
				VERSION_INFO_PREFIX = "";
			};
			name = Release;
		};
		8C61DD941E260590007BCB2D /* Debug */ = {
			isa = XCBuildConfiguration;
			buildSettings = {
				CLANG_ENABLE_MODULES = YES;
				CODE_SIGN_IDENTITY = "iPhone Distribution";
				DEFINES_MODULE = YES;
				DYLIB_COMPATIBILITY_VERSION = 1;
				DYLIB_CURRENT_VERSION = 1;
				DYLIB_INSTALL_NAME_BASE = "@rpath";
				FRAMEWORK_SEARCH_PATHS = (
					"$(inherited)",
					"$(PROJECT_DIR)",
				);
				INFOPLIST_FILE = iComponents/Info.plist;
				INSTALL_PATH = "$(LOCAL_LIBRARY_DIR)/Frameworks";
				IPHONEOS_DEPLOYMENT_TARGET = 8.0;
				LD_RUNPATH_SEARCH_PATHS = "$(inherited) @executable_path/Frameworks @loader_path/Frameworks";
				PRODUCT_BUNDLE_IDENTIFIER = com.ranosys.iComponents;
				PRODUCT_NAME = "$(TARGET_NAME)";
				SKIP_INSTALL = YES;
				SWIFT_OPTIMIZATION_LEVEL = "-Onone";
				SWIFT_VERSION = 3.0;
			};
			name = Debug;
		};
		8C61DD951E260590007BCB2D /* Release */ = {
			isa = XCBuildConfiguration;
			buildSettings = {
				CLANG_ENABLE_MODULES = YES;
				CODE_SIGN_IDENTITY = "iPhone Distribution";
				DEFINES_MODULE = YES;
				DYLIB_COMPATIBILITY_VERSION = 1;
				DYLIB_CURRENT_VERSION = 1;
				DYLIB_INSTALL_NAME_BASE = "@rpath";
				FRAMEWORK_SEARCH_PATHS = (
					"$(inherited)",
					"$(PROJECT_DIR)",
				);
				INFOPLIST_FILE = iComponents/Info.plist;
				INSTALL_PATH = "$(LOCAL_LIBRARY_DIR)/Frameworks";
				IPHONEOS_DEPLOYMENT_TARGET = 8.0;
				LD_RUNPATH_SEARCH_PATHS = "$(inherited) @executable_path/Frameworks @loader_path/Frameworks";
				PRODUCT_BUNDLE_IDENTIFIER = com.ranosys.iComponents;
				PRODUCT_NAME = "$(TARGET_NAME)";
				SKIP_INSTALL = YES;
				SWIFT_VERSION = 3.0;
			};
			name = Release;
		};
		8C61DD971E260590007BCB2D /* Debug */ = {
			isa = XCBuildConfiguration;
			buildSettings = {
				ALWAYS_EMBED_SWIFT_STANDARD_LIBRARIES = YES;
				INFOPLIST_FILE = iComponentsTests/Info.plist;
				LD_RUNPATH_SEARCH_PATHS = "$(inherited) @executable_path/Frameworks @loader_path/Frameworks";
				PRODUCT_BUNDLE_IDENTIFIER = com.ranosys.iComponentsTests;
				PRODUCT_NAME = "$(TARGET_NAME)";
				SWIFT_VERSION = 3.0;
			};
			name = Debug;
		};
		8C61DD981E260590007BCB2D /* Release */ = {
			isa = XCBuildConfiguration;
			buildSettings = {
				ALWAYS_EMBED_SWIFT_STANDARD_LIBRARIES = YES;
				INFOPLIST_FILE = iComponentsTests/Info.plist;
				LD_RUNPATH_SEARCH_PATHS = "$(inherited) @executable_path/Frameworks @loader_path/Frameworks";
				PRODUCT_BUNDLE_IDENTIFIER = com.ranosys.iComponentsTests;
				PRODUCT_NAME = "$(TARGET_NAME)";
				SWIFT_VERSION = 3.0;
			};
			name = Release;
		};
		8C79A6F21E48813F00907D21 /* Debug */ = {
			isa = XCBuildConfiguration;
			buildSettings = {
				CODE_SIGN_IDENTITY = "iPhone Distribution";
				PRODUCT_NAME = "$(TARGET_NAME)";
			};
			name = Debug;
		};
		8C79A6F31E48813F00907D21 /* Release */ = {
			isa = XCBuildConfiguration;
			buildSettings = {
				CODE_SIGN_IDENTITY = "iPhone Distribution";
				ONLY_ACTIVE_ARCH = YES;
				PRODUCT_NAME = "$(TARGET_NAME)";
			};
			name = Release;
		};
		8C79A70C1E48851B00907D21 /* Debug */ = {
			isa = XCBuildConfiguration;
			buildSettings = {
				ALWAYS_EMBED_SWIFT_STANDARD_LIBRARIES = YES;
				ASSETCATALOG_COMPILER_APPICON_NAME = AppIcon;
				CODE_SIGN_IDENTITY = "iPhone Distribution";
				FRAMEWORK_SEARCH_PATHS = "";
				INFOPLIST_FILE = "iComponent-Demo/Info.plist";
				IPHONEOS_DEPLOYMENT_TARGET = 10.2;
				LD_RUNPATH_SEARCH_PATHS = "$(inherited) @executable_path/Frameworks";
				PRODUCT_BUNDLE_IDENTIFIER = "com.ranosys.iComponent-Demo";
				PRODUCT_NAME = "$(TARGET_NAME)";
				SWIFT_VERSION = 3.0;
			};
			name = Debug;
		};
		8C79A70D1E48851B00907D21 /* Release */ = {
			isa = XCBuildConfiguration;
			buildSettings = {
				ALWAYS_EMBED_SWIFT_STANDARD_LIBRARIES = YES;
				ASSETCATALOG_COMPILER_APPICON_NAME = AppIcon;
				CODE_SIGN_IDENTITY = "iPhone Distribution";
				FRAMEWORK_SEARCH_PATHS = "";
				INFOPLIST_FILE = "iComponent-Demo/Info.plist";
				IPHONEOS_DEPLOYMENT_TARGET = 10.2;
				LD_RUNPATH_SEARCH_PATHS = "$(inherited) @executable_path/Frameworks";
				PRODUCT_BUNDLE_IDENTIFIER = "com.ranosys.iComponent-Demo";
				PRODUCT_NAME = "$(TARGET_NAME)";
				SWIFT_VERSION = 3.0;
			};
			name = Release;
		};
/* End XCBuildConfiguration section */

/* Begin XCConfigurationList section */
		8C61DD791E26058F007BCB2D /* Build configuration list for PBXProject "iComponents" */ = {
			isa = XCConfigurationList;
			buildConfigurations = (
				8C61DD911E260590007BCB2D /* Debug */,
				8C61DD921E260590007BCB2D /* Release */,
			);
			defaultConfigurationIsVisible = 0;
			defaultConfigurationName = Release;
		};
		8C61DD931E260590007BCB2D /* Build configuration list for PBXNativeTarget "iComponents" */ = {
			isa = XCConfigurationList;
			buildConfigurations = (
				8C61DD941E260590007BCB2D /* Debug */,
				8C61DD951E260590007BCB2D /* Release */,
			);
			defaultConfigurationIsVisible = 0;
			defaultConfigurationName = Release;
		};
		8C61DD961E260590007BCB2D /* Build configuration list for PBXNativeTarget "iComponentsTests" */ = {
			isa = XCConfigurationList;
			buildConfigurations = (
				8C61DD971E260590007BCB2D /* Debug */,
				8C61DD981E260590007BCB2D /* Release */,
			);
			defaultConfigurationIsVisible = 0;
			defaultConfigurationName = Release;
		};
		8C79A6F11E48813F00907D21 /* Build configuration list for PBXAggregateTarget "Distribution" */ = {
			isa = XCConfigurationList;
			buildConfigurations = (
				8C79A6F21E48813F00907D21 /* Debug */,
				8C79A6F31E48813F00907D21 /* Release */,
			);
			defaultConfigurationIsVisible = 0;
			defaultConfigurationName = Release;
		};
		8C79A70B1E48851B00907D21 /* Build configuration list for PBXNativeTarget "iComponent-Demo" */ = {
			isa = XCConfigurationList;
			buildConfigurations = (
				8C79A70C1E48851B00907D21 /* Debug */,
				8C79A70D1E48851B00907D21 /* Release */,
			);
			defaultConfigurationIsVisible = 0;
			defaultConfigurationName = Release;
		};
/* End XCConfigurationList section */
	};
	rootObject = 8C61DD761E26058F007BCB2D /* Project object */;
}
